// !$*UTF8*$!
{
	archiveVersion = 1;
	classes = {
	};
	objectVersion = 51;
	objects = {

/* Begin PBXBuildFile section */
		1E473F99234D739500B2B462 /* GraphViewController.swift in Sources */ = {isa = PBXBuildFile; fileRef = 1E473F98234D739500B2B462 /* GraphViewController.swift */; };
		1E5858662360354E00C8634A /* LogViewController.swift in Sources */ = {isa = PBXBuildFile; fileRef = 1E5858652360354E00C8634A /* LogViewController.swift */; };
		1E58586E2362C3ED00C8634A /* SystemLogViewController.swift in Sources */ = {isa = PBXBuildFile; fileRef = 1E58586D2362C3ED00C8634A /* SystemLogViewController.swift */; };
		1E5858702362DB3100C8634A /* SysLogFunc.swift in Sources */ = {isa = PBXBuildFile; fileRef = 1E58586F2362DB3100C8634A /* SysLogFunc.swift */; };
		1E601350234DC0DC000BFE4F /* GraphView.swift in Sources */ = {isa = PBXBuildFile; fileRef = 1E60134F234DC0DC000BFE4F /* GraphView.swift */; };
		1E601354234F2A02000BFE4F /* CustomActivityIndicator.swift in Sources */ = {isa = PBXBuildFile; fileRef = 1E601353234F2A02000BFE4F /* CustomActivityIndicator.swift */; };
		1EA6B7EC234C606A00406C61 /* FuncList.swift in Sources */ = {isa = PBXBuildFile; fileRef = 1EA6B7EB234C606A00406C61 /* FuncList.swift */; };
		1ED44FE2234B030900AB55E5 /* AppDelegate.swift in Sources */ = {isa = PBXBuildFile; fileRef = 1ED44FE1234B030900AB55E5 /* AppDelegate.swift */; };
		1ED44FE4234B030900AB55E5 /* SceneDelegate.swift in Sources */ = {isa = PBXBuildFile; fileRef = 1ED44FE3234B030900AB55E5 /* SceneDelegate.swift */; };
		1ED44FE6234B030900AB55E5 /* ViewController.swift in Sources */ = {isa = PBXBuildFile; fileRef = 1ED44FE5234B030900AB55E5 /* ViewController.swift */; };
		1ED44FE9234B030900AB55E5 /* Main.storyboard in Resources */ = {isa = PBXBuildFile; fileRef = 1ED44FE7234B030900AB55E5 /* Main.storyboard */; };
		1ED44FEC234B030900AB55E5 /* iosTestApp.xcdatamodeld in Sources */ = {isa = PBXBuildFile; fileRef = 1ED44FEA234B030900AB55E5 /* iosTestApp.xcdatamodeld */; };
		1ED44FEE234B030A00AB55E5 /* Assets.xcassets in Resources */ = {isa = PBXBuildFile; fileRef = 1ED44FED234B030A00AB55E5 /* Assets.xcassets */; };
		1ED44FF1234B030A00AB55E5 /* LaunchScreen.storyboard in Resources */ = {isa = PBXBuildFile; fileRef = 1ED44FEF234B030A00AB55E5 /* LaunchScreen.storyboard */; };
		1ED44FF9234B2A4500AB55E5 /* info_data.txt in Resources */ = {isa = PBXBuildFile; fileRef = 1ED44FF8234B2A4500AB55E5 /* info_data.txt */; };
		1ED44FFD234B457C00AB55E5 /* SecondViewController.swift in Sources */ = {isa = PBXBuildFile; fileRef = 1ED44FFC234B457C00AB55E5 /* SecondViewController.swift */; };
		65B6C67B1800C1F37FCEF396 /* Pods_iosTestApp.framework in Frameworks */ = {isa = PBXBuildFile; fileRef = E9BBF399A36D11E0C1BC8506 /* Pods_iosTestApp.framework */; };
/* End PBXBuildFile section */

/* Begin PBXFileReference section */
		1E473F98234D739500B2B462 /* GraphViewController.swift */ = {isa = PBXFileReference; lastKnownFileType = sourcecode.swift; path = GraphViewController.swift; sourceTree = "<group>"; };
		1E5858652360354E00C8634A /* LogViewController.swift */ = {isa = PBXFileReference; lastKnownFileType = sourcecode.swift; path = LogViewController.swift; sourceTree = "<group>"; };
		1E58586D2362C3ED00C8634A /* SystemLogViewController.swift */ = {isa = PBXFileReference; lastKnownFileType = sourcecode.swift; path = SystemLogViewController.swift; sourceTree = "<group>"; };
		1E58586F2362DB3100C8634A /* SysLogFunc.swift */ = {isa = PBXFileReference; lastKnownFileType = sourcecode.swift; path = SysLogFunc.swift; sourceTree = "<group>"; };
		1E60134F234DC0DC000BFE4F /* GraphView.swift */ = {isa = PBXFileReference; lastKnownFileType = sourcecode.swift; path = GraphView.swift; sourceTree = "<group>"; };
		1E601353234F2A02000BFE4F /* CustomActivityIndicator.swift */ = {isa = PBXFileReference; fileEncoding = 4; lastKnownFileType = sourcecode.swift; path = CustomActivityIndicator.swift; sourceTree = "<group>"; };
		1EA6B7EB234C606A00406C61 /* FuncList.swift */ = {isa = PBXFileReference; lastKnownFileType = sourcecode.swift; path = FuncList.swift; sourceTree = "<group>"; };
		1ED44FDE234B030900AB55E5 /* iosTestApp.app */ = {isa = PBXFileReference; explicitFileType = wrapper.application; includeInIndex = 0; path = iosTestApp.app; sourceTree = BUILT_PRODUCTS_DIR; };
		1ED44FE1234B030900AB55E5 /* AppDelegate.swift */ = {isa = PBXFileReference; lastKnownFileType = sourcecode.swift; path = AppDelegate.swift; sourceTree = "<group>"; };
		1ED44FE3234B030900AB55E5 /* SceneDelegate.swift */ = {isa = PBXFileReference; lastKnownFileType = sourcecode.swift; path = SceneDelegate.swift; sourceTree = "<group>"; };
		1ED44FE5234B030900AB55E5 /* ViewController.swift */ = {isa = PBXFileReference; lastKnownFileType = sourcecode.swift; path = ViewController.swift; sourceTree = "<group>"; };
		1ED44FE8234B030900AB55E5 /* Base */ = {isa = PBXFileReference; lastKnownFileType = file.storyboard; name = Base; path = Base.lproj/Main.storyboard; sourceTree = "<group>"; };
		1ED44FEB234B030900AB55E5 /* iosTestApp.xcdatamodel */ = {isa = PBXFileReference; lastKnownFileType = wrapper.xcdatamodel; path = iosTestApp.xcdatamodel; sourceTree = "<group>"; };
		1ED44FED234B030A00AB55E5 /* Assets.xcassets */ = {isa = PBXFileReference; lastKnownFileType = folder.assetcatalog; path = Assets.xcassets; sourceTree = "<group>"; };
		1ED44FF0234B030A00AB55E5 /* Base */ = {isa = PBXFileReference; lastKnownFileType = file.storyboard; name = Base; path = Base.lproj/LaunchScreen.storyboard; sourceTree = "<group>"; };
		1ED44FF2234B030A00AB55E5 /* Info.plist */ = {isa = PBXFileReference; lastKnownFileType = text.plist.xml; path = Info.plist; sourceTree = "<group>"; };
		1ED44FF8234B2A4500AB55E5 /* info_data.txt */ = {isa = PBXFileReference; lastKnownFileType = text; path = info_data.txt; sourceTree = "<group>"; };
		1ED44FFC234B457C00AB55E5 /* SecondViewController.swift */ = {isa = PBXFileReference; lastKnownFileType = sourcecode.swift; path = SecondViewController.swift; sourceTree = "<group>"; usesTabs = 0; };
		22FA0F602AA40C8236A06705 /* Pods-iosTestApp.debug.xcconfig */ = {isa = PBXFileReference; includeInIndex = 1; lastKnownFileType = text.xcconfig; name = "Pods-iosTestApp.debug.xcconfig"; path = "Target Support Files/Pods-iosTestApp/Pods-iosTestApp.debug.xcconfig"; sourceTree = "<group>"; };
		C8FDADEAD5FABDE47C8FFB07 /* Pods-iosTestApp.release.xcconfig */ = {isa = PBXFileReference; includeInIndex = 1; lastKnownFileType = text.xcconfig; name = "Pods-iosTestApp.release.xcconfig"; path = "Target Support Files/Pods-iosTestApp/Pods-iosTestApp.release.xcconfig"; sourceTree = "<group>"; };
		E9BBF399A36D11E0C1BC8506 /* Pods_iosTestApp.framework */ = {isa = PBXFileReference; explicitFileType = wrapper.framework; includeInIndex = 0; path = Pods_iosTestApp.framework; sourceTree = BUILT_PRODUCTS_DIR; };
/* End PBXFileReference section */

/* Begin PBXFrameworksBuildPhase section */
		1ED44FDB234B030900AB55E5 /* Frameworks */ = {
			isa = PBXFrameworksBuildPhase;
			buildActionMask = 2147483647;
			files = (
				65B6C67B1800C1F37FCEF396 /* Pods_iosTestApp.framework in Frameworks */,
			);
			runOnlyForDeploymentPostprocessing = 0;
		};
/* End PBXFrameworksBuildPhase section */

/* Begin PBXGroup section */
		1ED44FD5234B030900AB55E5 = {
			isa = PBXGroup;
			children = (
				1ED44FE0234B030900AB55E5 /* iosTestApp */,
				1ED44FDF234B030900AB55E5 /* Products */,
				B5BA5E314EC87B21F44F6A8C /* Pods */,
				75AE7E4A4AB739272001E691 /* Frameworks */,
			);
			sourceTree = "<group>";
		};
		1ED44FDF234B030900AB55E5 /* Products */ = {
			isa = PBXGroup;
			children = (
				1ED44FDE234B030900AB55E5 /* iosTestApp.app */,
			);
			name = Products;
			sourceTree = "<group>";
		};
		1ED44FE0234B030900AB55E5 /* iosTestApp */ = {
			isa = PBXGroup;
			children = (
				1E601353234F2A02000BFE4F /* CustomActivityIndicator.swift */,
				1ED44FFC234B457C00AB55E5 /* SecondViewController.swift */,
				1E5858652360354E00C8634A /* LogViewController.swift */,
				1E473F98234D739500B2B462 /* GraphViewController.swift */,
				1ED44FE1234B030900AB55E5 /* AppDelegate.swift */,
				1ED44FE3234B030900AB55E5 /* SceneDelegate.swift */,
				1ED44FE5234B030900AB55E5 /* ViewController.swift */,
				1ED44FE7234B030900AB55E5 /* Main.storyboard */,
				1ED44FED234B030A00AB55E5 /* Assets.xcassets */,
				1ED44FEF234B030A00AB55E5 /* LaunchScreen.storyboard */,
				1ED44FF2234B030A00AB55E5 /* Info.plist */,
				1ED44FEA234B030900AB55E5 /* iosTestApp.xcdatamodeld */,
				1ED44FF8234B2A4500AB55E5 /* info_data.txt */,
				1EA6B7EB234C606A00406C61 /* FuncList.swift */,
				1E58586F2362DB3100C8634A /* SysLogFunc.swift */,
				1E60134F234DC0DC000BFE4F /* GraphView.swift */,
				1E58586D2362C3ED00C8634A /* SystemLogViewController.swift */,
			);
			path = iosTestApp;
			sourceTree = "<group>";
		};
		75AE7E4A4AB739272001E691 /* Frameworks */ = {
			isa = PBXGroup;
			children = (
				E9BBF399A36D11E0C1BC8506 /* Pods_iosTestApp.framework */,
			);
			name = Frameworks;
			sourceTree = "<group>";
		};
		B5BA5E314EC87B21F44F6A8C /* Pods */ = {
			isa = PBXGroup;
			children = (
				22FA0F602AA40C8236A06705 /* Pods-iosTestApp.debug.xcconfig */,
				C8FDADEAD5FABDE47C8FFB07 /* Pods-iosTestApp.release.xcconfig */,
			);
			path = Pods;
			sourceTree = "<group>";
		};
/* End PBXGroup section */

/* Begin PBXNativeTarget section */
		1ED44FDD234B030900AB55E5 /* iosTestApp */ = {
			isa = PBXNativeTarget;
			buildConfigurationList = 1ED44FF5234B030A00AB55E5 /* Build configuration list for PBXNativeTarget "iosTestApp" */;
			buildPhases = (
				01CC98FF56DBA0F09EBF752F /* [CP] Check Pods Manifest.lock */,
				1ED44FDA234B030900AB55E5 /* Sources */,
				1ED44FDB234B030900AB55E5 /* Frameworks */,
				1ED44FDC234B030900AB55E5 /* Resources */,
				9FFD1565A3CD3F342E2492AA /* [CP] Embed Pods Frameworks */,
			);
			buildRules = (
			);
			dependencies = (
			);
			name = iosTestApp;
			productName = iosTestApp;
			productReference = 1ED44FDE234B030900AB55E5 /* iosTestApp.app */;
			productType = "com.apple.product-type.application";
		};
/* End PBXNativeTarget section */

/* Begin PBXProject section */
		1ED44FD6234B030900AB55E5 /* Project object */ = {
			isa = PBXProject;
			attributes = {
				LastSwiftUpdateCheck = 1100;
				LastUpgradeCheck = 1100;
				ORGANIZATIONNAME = "Hanjun Ko";
				TargetAttributes = {
					1ED44FDD234B030900AB55E5 = {
						CreatedOnToolsVersion = 11.0;
					};
				};
			};
			buildConfigurationList = 1ED44FD9234B030900AB55E5 /* Build configuration list for PBXProject "iosTestApp" */;
			compatibilityVersion = "Xcode 9.3";
			developmentRegion = en;
			hasScannedForEncodings = 0;
			knownRegions = (
				en,
				Base,
			);
			mainGroup = 1ED44FD5234B030900AB55E5;
			productRefGroup = 1ED44FDF234B030900AB55E5 /* Products */;
			projectDirPath = "";
			projectRoot = "";
			targets = (
				1ED44FDD234B030900AB55E5 /* iosTestApp */,
			);
		};
/* End PBXProject section */

/* Begin PBXResourcesBuildPhase section */
		1ED44FDC234B030900AB55E5 /* Resources */ = {
			isa = PBXResourcesBuildPhase;
			buildActionMask = 2147483647;
			files = (
				1ED44FF9234B2A4500AB55E5 /* info_data.txt in Resources */,
				1ED44FF1234B030A00AB55E5 /* LaunchScreen.storyboard in Resources */,
				1ED44FEE234B030A00AB55E5 /* Assets.xcassets in Resources */,
				1ED44FE9234B030900AB55E5 /* Main.storyboard in Resources */,
			);
			runOnlyForDeploymentPostprocessing = 0;
		};
/* End PBXResourcesBuildPhase section */

/* Begin PBXShellScriptBuildPhase section */
		01CC98FF56DBA0F09EBF752F /* [CP] Check Pods Manifest.lock */ = {
			isa = PBXShellScriptBuildPhase;
			buildActionMask = 2147483647;
			files = (
			);
			inputFileListPaths = (
			);
			inputPaths = (
				"${PODS_PODFILE_DIR_PATH}/Podfile.lock",
				"${PODS_ROOT}/Manifest.lock",
			);
			name = "[CP] Check Pods Manifest.lock";
			outputFileListPaths = (
			);
			outputPaths = (
				"$(DERIVED_FILE_DIR)/Pods-iosTestApp-checkManifestLockResult.txt",
			);
			runOnlyForDeploymentPostprocessing = 0;
			shellPath = /bin/sh;
			shellScript = "diff \"${PODS_PODFILE_DIR_PATH}/Podfile.lock\" \"${PODS_ROOT}/Manifest.lock\" > /dev/null\nif [ $? != 0 ] ; then\n    # print error to STDERR\n    echo \"error: The sandbox is not in sync with the Podfile.lock. Run 'pod install' or update your CocoaPods installation.\" >&2\n    exit 1\nfi\n# This output is used by Xcode 'outputs' to avoid re-running this script phase.\necho \"SUCCESS\" > \"${SCRIPT_OUTPUT_FILE_0}\"\n";
			showEnvVarsInLog = 0;
		};
		9FFD1565A3CD3F342E2492AA /* [CP] Embed Pods Frameworks */ = {
			isa = PBXShellScriptBuildPhase;
			buildActionMask = 2147483647;
			files = (
			);
			inputFileListPaths = (
				"${PODS_ROOT}/Target Support Files/Pods-iosTestApp/Pods-iosTestApp-frameworks-${CONFIGURATION}-input-files.xcfilelist",
			);
			name = "[CP] Embed Pods Frameworks";
			outputFileListPaths = (
				"${PODS_ROOT}/Target Support Files/Pods-iosTestApp/Pods-iosTestApp-frameworks-${CONFIGURATION}-output-files.xcfilelist",
			);
			runOnlyForDeploymentPostprocessing = 0;
			shellPath = /bin/sh;
			shellScript = "\"${PODS_ROOT}/Target Support Files/Pods-iosTestApp/Pods-iosTestApp-frameworks.sh\"\n";
			showEnvVarsInLog = 0;
		};
/* End PBXShellScriptBuildPhase section */

/* Begin PBXSourcesBuildPhase section */
		1ED44FDA234B030900AB55E5 /* Sources */ = {
			isa = PBXSourcesBuildPhase;
			buildActionMask = 2147483647;
			files = (
				1ED44FE6234B030900AB55E5 /* ViewController.swift in Sources */,
				1E5858662360354E00C8634A /* LogViewController.swift in Sources */,
				1ED44FE2234B030900AB55E5 /* AppDelegate.swift in Sources */,
				1E473F99234D739500B2B462 /* GraphViewController.swift in Sources */,
				1ED44FE4234B030900AB55E5 /* SceneDelegate.swift in Sources */,
				1ED44FFD234B457C00AB55E5 /* SecondViewController.swift in Sources */,
				1E58586E2362C3ED00C8634A /* SystemLogViewController.swift in Sources */,
				1E601354234F2A02000BFE4F /* CustomActivityIndicator.swift in Sources */,
				1E5858702362DB3100C8634A /* SysLogFunc.swift in Sources */,
				1ED44FEC234B030900AB55E5 /* iosTestApp.xcdatamodeld in Sources */,
				1EA6B7EC234C606A00406C61 /* FuncList.swift in Sources */,
				1E601350234DC0DC000BFE4F /* GraphView.swift in Sources */,
			);
			runOnlyForDeploymentPostprocessing = 0;
		};
/* End PBXSourcesBuildPhase section */

/* Begin PBXVariantGroup section */
		1ED44FE7234B030900AB55E5 /* Main.storyboard */ = {
			isa = PBXVariantGroup;
			children = (
				1ED44FE8234B030900AB55E5 /* Base */,
			);
			name = Main.storyboard;
			sourceTree = "<group>";
		};
		1ED44FEF234B030A00AB55E5 /* LaunchScreen.storyboard */ = {
			isa = PBXVariantGroup;
			children = (
				1ED44FF0234B030A00AB55E5 /* Base */,
			);
			name = LaunchScreen.storyboard;
			sourceTree = "<group>";
		};
/* End PBXVariantGroup section */

/* Begin XCBuildConfiguration section */
		1ED44FF3234B030A00AB55E5 /* Debug */ = {
			isa = XCBuildConfiguration;
			buildSettings = {
				ALWAYS_SEARCH_USER_PATHS = NO;
				CLANG_ANALYZER_NONNULL = YES;
				CLANG_ANALYZER_NUMBER_OBJECT_CONVERSION = YES_AGGRESSIVE;
				CLANG_CXX_LANGUAGE_STANDARD = "gnu++14";
				CLANG_CXX_LIBRARY = "libc++";
				CLANG_ENABLE_MODULES = YES;
				CLANG_ENABLE_OBJC_ARC = YES;
				CLANG_ENABLE_OBJC_WEAK = YES;
				CLANG_WARN_BLOCK_CAPTURE_AUTORELEASING = YES;
				CLANG_WARN_BOOL_CONVERSION = YES;
				CLANG_WARN_COMMA = YES;
				CLANG_WARN_CONSTANT_CONVERSION = YES;
				CLANG_WARN_DEPRECATED_OBJC_IMPLEMENTATIONS = YES;
				CLANG_WARN_DIRECT_OBJC_ISA_USAGE = YES_ERROR;
				CLANG_WARN_DOCUMENTATION_COMMENTS = YES;
				CLANG_WARN_EMPTY_BODY = YES;
				CLANG_WARN_ENUM_CONVERSION = YES;
				CLANG_WARN_INFINITE_RECURSION = YES;
				CLANG_WARN_INT_CONVERSION = YES;
				CLANG_WARN_NON_LITERAL_NULL_CONVERSION = YES;
				CLANG_WARN_OBJC_IMPLICIT_RETAIN_SELF = YES;
				CLANG_WARN_OBJC_LITERAL_CONVERSION = YES;
				CLANG_WARN_OBJC_ROOT_CLASS = YES_ERROR;
				CLANG_WARN_RANGE_LOOP_ANALYSIS = YES;
				CLANG_WARN_STRICT_PROTOTYPES = YES;
				CLANG_WARN_SUSPICIOUS_MOVE = YES;
				CLANG_WARN_UNGUARDED_AVAILABILITY = YES_AGGRESSIVE;
				CLANG_WARN_UNREACHABLE_CODE = YES;
				CLANG_WARN__DUPLICATE_METHOD_MATCH = YES;
				COPY_PHASE_STRIP = NO;
				DEBUG_INFORMATION_FORMAT = dwarf;
				ENABLE_STRICT_OBJC_MSGSEND = YES;
				ENABLE_TESTABILITY = YES;
				GCC_C_LANGUAGE_STANDARD = gnu11;
				GCC_DYNAMIC_NO_PIC = NO;
				GCC_NO_COMMON_BLOCKS = YES;
				GCC_OPTIMIZATION_LEVEL = 0;
				GCC_PREPROCESSOR_DEFINITIONS = (
					"DEBUG=1",
					"$(inherited)",
				);
				GCC_WARN_64_TO_32_BIT_CONVERSION = YES;
				GCC_WARN_ABOUT_RETURN_TYPE = YES_ERROR;
				GCC_WARN_UNDECLARED_SELECTOR = YES;
				GCC_WARN_UNINITIALIZED_AUTOS = YES_AGGRESSIVE;
				GCC_WARN_UNUSED_FUNCTION = YES;
				GCC_WARN_UNUSED_VARIABLE = YES;
				IPHONEOS_DEPLOYMENT_TARGET = 13.0;
				MTL_ENABLE_DEBUG_INFO = INCLUDE_SOURCE;
				MTL_FAST_MATH = YES;
				ONLY_ACTIVE_ARCH = YES;
				SDKROOT = iphoneos;
				SWIFT_ACTIVE_COMPILATION_CONDITIONS = DEBUG;
				SWIFT_OPTIMIZATION_LEVEL = "-Onone";
			};
			name = Debug;
		};
		1ED44FF4234B030A00AB55E5 /* Release */ = {
			isa = XCBuildConfiguration;
			buildSettings = {
				ALWAYS_SEARCH_USER_PATHS = NO;
				CLANG_ANALYZER_NONNULL = YES;
				CLANG_ANALYZER_NUMBER_OBJECT_CONVERSION = YES_AGGRESSIVE;
				CLANG_CXX_LANGUAGE_STANDARD = "gnu++14";
				CLANG_CXX_LIBRARY = "libc++";
				CLANG_ENABLE_MODULES = YES;
				CLANG_ENABLE_OBJC_ARC = YES;
				CLANG_ENABLE_OBJC_WEAK = YES;
				CLANG_WARN_BLOCK_CAPTURE_AUTORELEASING = YES;
				CLANG_WARN_BOOL_CONVERSION = YES;
				CLANG_WARN_COMMA = YES;
				CLANG_WARN_CONSTANT_CONVERSION = YES;
				CLANG_WARN_DEPRECATED_OBJC_IMPLEMENTATIONS = YES;
				CLANG_WARN_DIRECT_OBJC_ISA_USAGE = YES_ERROR;
				CLANG_WARN_DOCUMENTATION_COMMENTS = YES;
				CLANG_WARN_EMPTY_BODY = YES;
				CLANG_WARN_ENUM_CONVERSION = YES;
				CLANG_WARN_INFINITE_RECURSION = YES;
				CLANG_WARN_INT_CONVERSION = YES;
				CLANG_WARN_NON_LITERAL_NULL_CONVERSION = YES;
				CLANG_WARN_OBJC_IMPLICIT_RETAIN_SELF = YES;
				CLANG_WARN_OBJC_LITERAL_CONVERSION = YES;
				CLANG_WARN_OBJC_ROOT_CLASS = YES_ERROR;
				CLANG_WARN_RANGE_LOOP_ANALYSIS = YES;
				CLANG_WARN_STRICT_PROTOTYPES = YES;
				CLANG_WARN_SUSPICIOUS_MOVE = YES;
				CLANG_WARN_UNGUARDED_AVAILABILITY = YES_AGGRESSIVE;
				CLANG_WARN_UNREACHABLE_CODE = YES;
				CLANG_WARN__DUPLICATE_METHOD_MATCH = YES;
				COPY_PHASE_STRIP = NO;
				DEBUG_INFORMATION_FORMAT = "dwarf-with-dsym";
				ENABLE_NS_ASSERTIONS = NO;
				ENABLE_STRICT_OBJC_MSGSEND = YES;
				GCC_C_LANGUAGE_STANDARD = gnu11;
				GCC_NO_COMMON_BLOCKS = YES;
				GCC_WARN_64_TO_32_BIT_CONVERSION = YES;
				GCC_WARN_ABOUT_RETURN_TYPE = YES_ERROR;
				GCC_WARN_UNDECLARED_SELECTOR = YES;
				GCC_WARN_UNINITIALIZED_AUTOS = YES_AGGRESSIVE;
				GCC_WARN_UNUSED_FUNCTION = YES;
				GCC_WARN_UNUSED_VARIABLE = YES;
				IPHONEOS_DEPLOYMENT_TARGET = 13.0;
				MTL_ENABLE_DEBUG_INFO = NO;
				MTL_FAST_MATH = YES;
				SDKROOT = iphoneos;
				SWIFT_COMPILATION_MODE = wholemodule;
				SWIFT_OPTIMIZATION_LEVEL = "-O";
				VALIDATE_PRODUCT = YES;
			};
			name = Release;
		};
		1ED44FF6234B030A00AB55E5 /* Debug */ = {
			isa = XCBuildConfiguration;
			baseConfigurationReference = 22FA0F602AA40C8236A06705 /* Pods-iosTestApp.debug.xcconfig */;
			buildSettings = {
				ASSETCATALOG_COMPILER_APPICON_NAME = AppIcon;
				CODE_SIGN_STYLE = Automatic;
				DEVELOPMENT_TEAM = 8BG29Y598Z;
				INFOPLIST_FILE = iosTestApp/Info.plist;
				IPHONEOS_DEPLOYMENT_TARGET = 13.0;
				LD_RUNPATH_SEARCH_PATHS = (
					"$(inherited)",
					"@executable_path/Frameworks",
				);
				PRODUCT_BUNDLE_IDENTIFIER = "rhgkswns-naver.com.iosTestApp";
				PRODUCT_NAME = "$(TARGET_NAME)";
				SWIFT_VERSION = 5.0;
				TARGETED_DEVICE_FAMILY = "1,2";
			};
			name = Debug;
		};
		1ED44FF7234B030A00AB55E5 /* Release */ = {
			isa = XCBuildConfiguration;
			baseConfigurationReference = C8FDADEAD5FABDE47C8FFB07 /* Pods-iosTestApp.release.xcconfig */;
			buildSettings = {
				ASSETCATALOG_COMPILER_APPICON_NAME = AppIcon;
				CODE_SIGN_STYLE = Automatic;
				DEVELOPMENT_TEAM = 8BG29Y598Z;
				INFOPLIST_FILE = iosTestApp/Info.plist;
				IPHONEOS_DEPLOYMENT_TARGET = 13.0;
				LD_RUNPATH_SEARCH_PATHS = (
					"$(inherited)",
					"@executable_path/Frameworks",
				);
				PRODUCT_BUNDLE_IDENTIFIER = "rhgkswns-naver.com.iosTestApp";
				PRODUCT_NAME = "$(TARGET_NAME)";
				SWIFT_VERSION = 5.0;
				TARGETED_DEVICE_FAMILY = "1,2";
			};
			name = Release;
		};
/* End XCBuildConfiguration section */

/* Begin XCConfigurationList section */
		1ED44FD9234B030900AB55E5 /* Build configuration list for PBXProject "iosTestApp" */ = {
			isa = XCConfigurationList;
			buildConfigurations = (
				1ED44FF3234B030A00AB55E5 /* Debug */,
				1ED44FF4234B030A00AB55E5 /* Release */,
			);
			defaultConfigurationIsVisible = 0;
			defaultConfigurationName = Release;
		};
		1ED44FF5234B030A00AB55E5 /* Build configuration list for PBXNativeTarget "iosTestApp" */ = {
			isa = XCConfigurationList;
			buildConfigurations = (
				1ED44FF6234B030A00AB55E5 /* Debug */,
				1ED44FF7234B030A00AB55E5 /* Release */,
			);
			defaultConfigurationIsVisible = 0;
			defaultConfigurationName = Release;
		};
/* End XCConfigurationList section */

/* Begin XCVersionGroup section */
		1ED44FEA234B030900AB55E5 /* iosTestApp.xcdatamodeld */ = {
			isa = XCVersionGroup;
			children = (
				1ED44FEB234B030900AB55E5 /* iosTestApp.xcdatamodel */,
			);
			currentVersion = 1ED44FEB234B030900AB55E5 /* iosTestApp.xcdatamodel */;
			path = iosTestApp.xcdatamodeld;
			sourceTree = "<group>";
			versionGroupType = wrapper.xcdatamodel;
		};
/* End XCVersionGroup section */
	};
	rootObject = 1ED44FD6234B030900AB55E5 /* Project object */;
}
